Microsoft Visual Studio Solution File, Format Version 12.00
Project("{FAE04EC0-301F-11D3-BF4B-00C04F79EFBC}") = "TransferGo.Notifications.Api", "src\TransferGo.Notifications.Api\TransferGo.Notifications.Api.csproj", "{305759C1-70E9-4D7A-ABE1-5F301EEAAEBC}"
EndProject
Project("{FAE04EC0-301F-11D3-BF4B-00C04F79EFBC}") = "TransferGo.Notifications.Domain", "src\TransferGo.Notifications.Domain\TransferGo.Notifications.Domain.csproj", "{35C7216E-6C06-4E84-AB41-A672C1B1DDF9}"
EndProject
Project("{FAE04EC0-301F-11D3-BF4B-00C04F79EFBC}") = "TransferGo.Notifications.Infrastructure", "src\TransferGo.Notifications.Infrastructure\TransferGo.Notifications.Infrastructure.csproj", "{F537B33E-FDA8-4A36-B67D-FA729B1388BA}"
EndProject
Project("{FAE04EC0-301F-11D3-BF4B-00C04F79EFBC}") = "TransferGo.Notifications.Application", "src\TransferGo.Notifications.Application\TransferGo.Notifications.Application.csproj", "{C1E90EEA-2AF9-43EC-9941-83839434F11F}"
EndProject
Project("{FAE04EC0-301F-11D3-BF4B-00C04F79EFBC}") = "TransferGo.Notifications.Tests.Common", "TransferGo.Notifications.Tests.Common\TransferGo.Notifications.Tests.Common.csproj", "{1918C184-A864-4B68-974F-3B06E9365514}"
EndProject
Project("{2150E333-8FDC-42A3-9474-1A3956D46DE8}") = "tests", "tests", "{8473FD6B-E796-4C87-8369-A9A03F268180}"
EndProject
Project("{FAE04EC0-301F-11D3-BF4B-00C04F79EFBC}") = "TransferGo.Notifications.Application.UnitTests", "TransferGo.Notifications.Application.UnitTests\TransferGo.Notifications.Application.UnitTests.csproj", "{92B9A27E-6D9C-4B9A-949B-39374C2C4A78}"
EndProject
Project("{2150E333-8FDC-42A3-9474-1A3956D46DE8}") = "src", "src", "{46C3E8BD-9F29-42A4-AC5C-8FE83D2550E6}"
EndProject
Global
	GlobalSection(SolutionConfigurationPlatforms) = preSolution
		Debug|Any CPU = Debug|Any CPU
		Release|Any CPU = Release|Any CPU
	EndGlobalSection
	GlobalSection(ProjectConfigurationPlatforms) = postSolution
		{305759C1-70E9-4D7A-ABE1-5F301EEAAEBC}.Debug|Any CPU.ActiveCfg = Debug|Any CPU
		{305759C1-70E9-4D7A-ABE1-5F301EEAAEBC}.Debug|Any CPU.Build.0 = Debug|Any CPU
		{305759C1-70E9-4D7A-ABE1-5F301EEAAEBC}.Release|Any CPU.ActiveCfg = Release|Any CPU
		{305759C1-70E9-4D7A-ABE1-5F301EEAAEBC}.Release|Any CPU.Build.0 = Release|Any CPU
		{35C7216E-6C06-4E84-AB41-A672C1B1DDF9}.Debug|Any CPU.ActiveCfg = Debug|Any CPU
		{35C7216E-6C06-4E84-AB41-A672C1B1DDF9}.Debug|Any CPU.Build.0 = Debug|Any CPU
		{35C7216E-6C06-4E84-AB41-A672C1B1DDF9}.Release|Any CPU.ActiveCfg = Release|Any CPU
		{35C7216E-6C06-4E84-AB41-A672C1B1DDF9}.Release|Any CPU.Build.0 = Release|Any CPU
		{F537B33E-FDA8-4A36-B67D-FA729B1388BA}.Debug|Any CPU.ActiveCfg = Debug|Any CPU
		{F537B33E-FDA8-4A36-B67D-FA729B1388BA}.Debug|Any CPU.Build.0 = Debug|Any CPU
		{F537B33E-FDA8-4A36-B67D-FA729B1388BA}.Release|Any CPU.ActiveCfg = Release|Any CPU
		{F537B33E-FDA8-4A36-B67D-FA729B1388BA}.Release|Any CPU.Build.0 = Release|Any CPU
		{C1E90EEA-2AF9-43EC-9941-83839434F11F}.Debug|Any CPU.ActiveCfg = Debug|Any CPU
		{C1E90EEA-2AF9-43EC-9941-83839434F11F}.Debug|Any CPU.Build.0 = Debug|Any CPU
		{C1E90EEA-2AF9-43EC-9941-83839434F11F}.Release|Any CPU.ActiveCfg = Release|Any CPU
		{C1E90EEA-2AF9-43EC-9941-83839434F11F}.Release|Any CPU.Build.0 = Release|Any CPU
		{1918C184-A864-4B68-974F-3B06E9365514}.Debug|Any CPU.ActiveCfg = Debug|Any CPU
		{1918C184-A864-4B68-974F-3B06E9365514}.Debug|Any CPU.Build.0 = Debug|Any CPU
		{1918C184-A864-4B68-974F-3B06E9365514}.Release|Any CPU.ActiveCfg = Release|Any CPU
		{1918C184-A864-4B68-974F-3B06E9365514}.Release|Any CPU.Build.0 = Release|Any CPU
		{92B9A27E-6D9C-4B9A-949B-39374C2C4A78}.Debug|Any CPU.ActiveCfg = Debug|Any CPU
		{92B9A27E-6D9C-4B9A-949B-39374C2C4A78}.Debug|Any CPU.Build.0 = Debug|Any CPU
		{92B9A27E-6D9C-4B9A-949B-39374C2C4A78}.Release|Any CPU.ActiveCfg = Release|Any CPU
		{92B9A27E-6D9C-4B9A-949B-39374C2C4A78}.Release|Any CPU.Build.0 = Release|Any CPU
	EndGlobalSection
	GlobalSection(NestedProjects) = preSolution
		{1918C184-A864-4B68-974F-3B06E9365514} = {8473FD6B-E796-4C87-8369-A9A03F268180}
		{92B9A27E-6D9C-4B9A-949B-39374C2C4A78} = {8473FD6B-E796-4C87-8369-A9A03F268180}
		{F537B33E-FDA8-4A36-B67D-FA729B1388BA} = {46C3E8BD-9F29-42A4-AC5C-8FE83D2550E6}
		{35C7216E-6C06-4E84-AB41-A672C1B1DDF9} = {46C3E8BD-9F29-42A4-AC5C-8FE83D2550E6}
		{C1E90EEA-2AF9-43EC-9941-83839434F11F} = {46C3E8BD-9F29-42A4-AC5C-8FE83D2550E6}
		{305759C1-70E9-4D7A-ABE1-5F301EEAAEBC} = {46C3E8BD-9F29-42A4-AC5C-8FE83D2550E6}
	EndGlobalSection
EndGlobal
