
Microsoft Visual Studio Solution File, Format Version 12.00
Project("{FAE04EC0-301F-11D3-BF4B-00C04F79EFBC}") = "TransferGo.Notifications.Api", "TransferGo.Notifications.Api\TransferGo.Notifications.Api.csproj", "{305759C1-70E9-4D7A-ABE1-5F301EEAAEBC}"
EndProject
Project("{FAE04EC0-301F-11D3-BF4B-00C04F79EFBC}") = "TranferGo.Notifications.Domain", "TranferGo.Notifications.Domain\TranferGo.Notifications.Domain.csproj", "{35C7216E-6C06-4E84-AB41-A672C1B1DDF9}"
EndProject
Project("{FAE04EC0-301F-11D3-BF4B-00C04F79EFBC}") = "TranferGo.Notifications.Infrastructure", "TranferGo.Notifications.Infrastructure\TranferGo.Notifications.Infrastructure.csproj", "{F537B33E-FDA8-4A36-B67D-FA729B1388BA}"
EndProject
Project("{FAE04EC0-301F-11D3-BF4B-00C04F79EFBC}") = "TranferGo.Notifications.Application", "TranferGo.Notifications.Application\TranferGo.Notifications.Application.csproj", "{C1E90EEA-2AF9-43EC-9941-83839434F11F}"
EndProject
Global
	GlobalSection(SolutionConfigurationPlatforms) = preSolution
		Debug|Any CPU = Debug|Any CPU
		Release|Any CPU = Release|Any CPU
	EndGlobalSection
	GlobalSection(ProjectConfigurationPlatforms) = postSolution
		{305759C1-70E9-4D7A-ABE1-5F301EEAAEBC}.Debug|Any CPU.ActiveCfg = Debug|Any CPU
		{305759C1-70E9-4D7A-ABE1-5F301EEAAEBC}.Debug|Any CPU.Build.0 = Debug|Any CPU
		{305759C1-70E9-4D7A-ABE1-5F301EEAAEBC}.Release|Any CPU.ActiveCfg = Release|Any CPU
		{305759C1-70E9-4D7A-ABE1-5F301EEAAEBC}.Release|Any CPU.Build.0 = Release|Any CPU
		{35C7216E-6C06-4E84-AB41-A672C1B1DDF9}.Debug|Any CPU.ActiveCfg = Debug|Any CPU
		{35C7216E-6C06-4E84-AB41-A672C1B1DDF9}.Debug|Any CPU.Build.0 = Debug|Any CPU
		{35C7216E-6C06-4E84-AB41-A672C1B1DDF9}.Release|Any CPU.ActiveCfg = Release|Any CPU
		{35C7216E-6C06-4E84-AB41-A672C1B1DDF9}.Release|Any CPU.Build.0 = Release|Any CPU
		{F537B33E-FDA8-4A36-B67D-FA729B1388BA}.Debug|Any CPU.ActiveCfg = Debug|Any CPU
		{F537B33E-FDA8-4A36-B67D-FA729B1388BA}.Debug|Any CPU.Build.0 = Debug|Any CPU
		{F537B33E-FDA8-4A36-B67D-FA729B1388BA}.Release|Any CPU.ActiveCfg = Release|Any CPU
		{F537B33E-FDA8-4A36-B67D-FA729B1388BA}.Release|Any CPU.Build.0 = Release|Any CPU
		{C1E90EEA-2AF9-43EC-9941-83839434F11F}.Debug|Any CPU.ActiveCfg = Debug|Any CPU
		{C1E90EEA-2AF9-43EC-9941-83839434F11F}.Debug|Any CPU.Build.0 = Debug|Any CPU
		{C1E90EEA-2AF9-43EC-9941-83839434F11F}.Release|Any CPU.ActiveCfg = Release|Any CPU
		{C1E90EEA-2AF9-43EC-9941-83839434F11F}.Release|Any CPU.Build.0 = Release|Any CPU
	EndGlobalSection
EndGlobal
